
Microsoft Visual Studio Solution File, Format Version 12.00
# Visual Studio 15
VisualStudioVersion = 15.0.28010.2046
MinimumVisualStudioVersion = 10.0.40219.1
Project("{FAE04EC0-301F-11D3-BF4B-00C04F79EFBC}") = "Project.Android", "Project\Project.Android\Project.Android.csproj", "{5C865F50-8DB5-4062-8859-8579458583C1}"
EndProject
Project("{FAE04EC0-301F-11D3-BF4B-00C04F79EFBC}") = "Project.iOS", "Project\Project.iOS\Project.iOS.csproj", "{483DACD1-0A33-4E5D-80E9-C022A17D60F0}"
EndProject
Project("{FAE04EC0-301F-11D3-BF4B-00C04F79EFBC}") = "Project", "Project\Project\Project.csproj", "{9CFDF08C-B9EF-46A9-9DBB-DA72B244F9D8}"
EndProject
Global
	GlobalSection(SolutionConfigurationPlatforms) = preSolution
		Ad-Hoc|Any CPU = Ad-Hoc|Any CPU
		Ad-Hoc|iPhone = Ad-Hoc|iPhone
		Ad-Hoc|iPhoneSimulator = Ad-Hoc|iPhoneSimulator
		AppStore|Any CPU = AppStore|Any CPU
		AppStore|iPhone = AppStore|iPhone
		AppStore|iPhoneSimulator = AppStore|iPhoneSimulator
		Debug|Any CPU = Debug|Any CPU
		Debug|iPhone = Debug|iPhone
		Debug|iPhoneSimulator = Debug|iPhoneSimulator
		Release|Any CPU = Release|Any CPU
		Release|iPhone = Release|iPhone
		Release|iPhoneSimulator = Release|iPhoneSimulator
	EndGlobalSection
	GlobalSection(ProjectConfigurationPlatforms) = postSolution
		{5C865F50-8DB5-4062-8859-8579458583C1}.Ad-Hoc|Any CPU.ActiveCfg = Release|Any CPU
		{5C865F50-8DB5-4062-8859-8579458583C1}.Ad-Hoc|Any CPU.Build.0 = Release|Any CPU
		{5C865F50-8DB5-4062-8859-8579458583C1}.Ad-Hoc|Any CPU.Deploy.0 = Release|Any CPU
		{5C865F50-8DB5-4062-8859-8579458583C1}.Ad-Hoc|iPhone.ActiveCfg = Release|Any CPU
		{5C865F50-8DB5-4062-8859-8579458583C1}.Ad-Hoc|iPhone.Build.0 = Release|Any CPU
		{5C865F50-8DB5-4062-8859-8579458583C1}.Ad-Hoc|iPhone.Deploy.0 = Release|Any CPU
		{5C865F50-8DB5-4062-8859-8579458583C1}.Ad-Hoc|iPhoneSimulator.ActiveCfg = Release|Any CPU
		{5C865F50-8DB5-4062-8859-8579458583C1}.Ad-Hoc|iPhoneSimulator.Build.0 = Release|Any CPU
		{5C865F50-8DB5-4062-8859-8579458583C1}.Ad-Hoc|iPhoneSimulator.Deploy.0 = Release|Any CPU
		{5C865F50-8DB5-4062-8859-8579458583C1}.AppStore|Any CPU.ActiveCfg = Release|Any CPU
		{5C865F50-8DB5-4062-8859-8579458583C1}.AppStore|Any CPU.Build.0 = Release|Any CPU
		{5C865F50-8DB5-4062-8859-8579458583C1}.AppStore|Any CPU.Deploy.0 = Release|Any CPU
		{5C865F50-8DB5-4062-8859-8579458583C1}.AppStore|iPhone.ActiveCfg = Release|Any CPU
		{5C865F50-8DB5-4062-8859-8579458583C1}.AppStore|iPhone.Build.0 = Release|Any CPU
		{5C865F50-8DB5-4062-8859-8579458583C1}.AppStore|iPhone.Deploy.0 = Release|Any CPU
		{5C865F50-8DB5-4062-8859-8579458583C1}.AppStore|iPhoneSimulator.ActiveCfg = Release|Any CPU
		{5C865F50-8DB5-4062-8859-8579458583C1}.AppStore|iPhoneSimulator.Build.0 = Release|Any CPU
		{5C865F50-8DB5-4062-8859-8579458583C1}.AppStore|iPhoneSimulator.Deploy.0 = Release|Any CPU
		{5C865F50-8DB5-4062-8859-8579458583C1}.Debug|Any CPU.ActiveCfg = Debug|Any CPU
		{5C865F50-8DB5-4062-8859-8579458583C1}.Debug|Any CPU.Build.0 = Debug|Any CPU
		{5C865F50-8DB5-4062-8859-8579458583C1}.Debug|Any CPU.Deploy.0 = Debug|Any CPU
		{5C865F50-8DB5-4062-8859-8579458583C1}.Debug|iPhone.ActiveCfg = Debug|Any CPU
		{5C865F50-8DB5-4062-8859-8579458583C1}.Debug|iPhone.Build.0 = Debug|Any CPU
		{5C865F50-8DB5-4062-8859-8579458583C1}.Debug|iPhone.Deploy.0 = Debug|Any CPU
		{5C865F50-8DB5-4062-8859-8579458583C1}.Debug|iPhoneSimulator.ActiveCfg = Debug|Any CPU
		{5C865F50-8DB5-4062-8859-8579458583C1}.Debug|iPhoneSimulator.Build.0 = Debug|Any CPU
		{5C865F50-8DB5-4062-8859-8579458583C1}.Debug|iPhoneSimulator.Deploy.0 = Debug|Any CPU
		{5C865F50-8DB5-4062-8859-8579458583C1}.Release|Any CPU.ActiveCfg = Release|Any CPU
		{5C865F50-8DB5-4062-8859-8579458583C1}.Release|Any CPU.Build.0 = Release|Any CPU
		{5C865F50-8DB5-4062-8859-8579458583C1}.Release|Any CPU.Deploy.0 = Release|Any CPU
		{5C865F50-8DB5-4062-8859-8579458583C1}.Release|iPhone.ActiveCfg = Release|Any CPU
		{5C865F50-8DB5-4062-8859-8579458583C1}.Release|iPhone.Build.0 = Release|Any CPU
		{5C865F50-8DB5-4062-8859-8579458583C1}.Release|iPhone.Deploy.0 = Release|Any CPU
		{5C865F50-8DB5-4062-8859-8579458583C1}.Release|iPhoneSimulator.ActiveCfg = Release|Any CPU
		{5C865F50-8DB5-4062-8859-8579458583C1}.Release|iPhoneSimulator.Build.0 = Release|Any CPU
		{5C865F50-8DB5-4062-8859-8579458583C1}.Release|iPhoneSimulator.Deploy.0 = Release|Any CPU
		{483DACD1-0A33-4E5D-80E9-C022A17D60F0}.Ad-Hoc|Any CPU.ActiveCfg = Ad-Hoc|iPhone
		{483DACD1-0A33-4E5D-80E9-C022A17D60F0}.Ad-Hoc|Any CPU.Build.0 = Ad-Hoc|iPhone
		{483DACD1-0A33-4E5D-80E9-C022A17D60F0}.Ad-Hoc|Any CPU.Deploy.0 = Ad-Hoc|iPhone
		{483DACD1-0A33-4E5D-80E9-C022A17D60F0}.Ad-Hoc|iPhone.ActiveCfg = Ad-Hoc|iPhone
		{483DACD1-0A33-4E5D-80E9-C022A17D60F0}.Ad-Hoc|iPhone.Build.0 = Ad-Hoc|iPhone
		{483DACD1-0A33-4E5D-80E9-C022A17D60F0}.Ad-Hoc|iPhone.Deploy.0 = Ad-Hoc|iPhone
		{483DACD1-0A33-4E5D-80E9-C022A17D60F0}.Ad-Hoc|iPhoneSimulator.ActiveCfg = Ad-Hoc|iPhoneSimulator
		{483DACD1-0A33-4E5D-80E9-C022A17D60F0}.Ad-Hoc|iPhoneSimulator.Build.0 = Ad-Hoc|iPhoneSimulator
		{483DACD1-0A33-4E5D-80E9-C022A17D60F0}.Ad-Hoc|iPhoneSimulator.Deploy.0 = Ad-Hoc|iPhoneSimulator
		{483DACD1-0A33-4E5D-80E9-C022A17D60F0}.AppStore|Any CPU.ActiveCfg = AppStore|iPhone
		{483DACD1-0A33-4E5D-80E9-C022A17D60F0}.AppStore|Any CPU.Build.0 = AppStore|iPhone
		{483DACD1-0A33-4E5D-80E9-C022A17D60F0}.AppStore|Any CPU.Deploy.0 = AppStore|iPhone
		{483DACD1-0A33-4E5D-80E9-C022A17D60F0}.AppStore|iPhone.ActiveCfg = AppStore|iPhone
		{483DACD1-0A33-4E5D-80E9-C022A17D60F0}.AppStore|iPhone.Build.0 = AppStore|iPhone
		{483DACD1-0A33-4E5D-80E9-C022A17D60F0}.AppStore|iPhone.Deploy.0 = AppStore|iPhone
		{483DACD1-0A33-4E5D-80E9-C022A17D60F0}.AppStore|iPhoneSimulator.ActiveCfg = AppStore|iPhoneSimulator
		{483DACD1-0A33-4E5D-80E9-C022A17D60F0}.AppStore|iPhoneSimulator.Build.0 = AppStore|iPhoneSimulator
		{483DACD1-0A33-4E5D-80E9-C022A17D60F0}.AppStore|iPhoneSimulator.Deploy.0 = AppStore|iPhoneSimulator
		{483DACD1-0A33-4E5D-80E9-C022A17D60F0}.Debug|Any CPU.ActiveCfg = Debug|iPhoneSimulator
		{483DACD1-0A33-4E5D-80E9-C022A17D60F0}.Debug|Any CPU.Build.0 = Debug|iPhoneSimulator
		{483DACD1-0A33-4E5D-80E9-C022A17D60F0}.Debug|Any CPU.Deploy.0 = Debug|iPhoneSimulator
		{483DACD1-0A33-4E5D-80E9-C022A17D60F0}.Debug|iPhone.ActiveCfg = Debug|iPhone
		{483DACD1-0A33-4E5D-80E9-C022A17D60F0}.Debug|iPhone.Build.0 = Debug|iPhone
		{483DACD1-0A33-4E5D-80E9-C022A17D60F0}.Debug|iPhone.Deploy.0 = Debug|iPhone
		{483DACD1-0A33-4E5D-80E9-C022A17D60F0}.Debug|iPhoneSimulator.ActiveCfg = Debug|iPhoneSimulator
		{483DACD1-0A33-4E5D-80E9-C022A17D60F0}.Debug|iPhoneSimulator.Build.0 = Debug|iPhoneSimulator
		{483DACD1-0A33-4E5D-80E9-C022A17D60F0}.Debug|iPhoneSimulator.Deploy.0 = Debug|iPhoneSimulator
		{483DACD1-0A33-4E5D-80E9-C022A17D60F0}.Release|Any CPU.ActiveCfg = Release|iPhone
		{483DACD1-0A33-4E5D-80E9-C022A17D60F0}.Release|Any CPU.Build.0 = Release|iPhone
		{483DACD1-0A33-4E5D-80E9-C022A17D60F0}.Release|Any CPU.Deploy.0 = Release|iPhone
		{483DACD1-0A33-4E5D-80E9-C022A17D60F0}.Release|iPhone.ActiveCfg = Release|iPhone
		{483DACD1-0A33-4E5D-80E9-C022A17D60F0}.Release|iPhone.Build.0 = Release|iPhone
		{483DACD1-0A33-4E5D-80E9-C022A17D60F0}.Release|iPhone.Deploy.0 = Release|iPhone
		{483DACD1-0A33-4E5D-80E9-C022A17D60F0}.Release|iPhoneSimulator.ActiveCfg = Release|iPhoneSimulator
		{483DACD1-0A33-4E5D-80E9-C022A17D60F0}.Release|iPhoneSimulator.Build.0 = Release|iPhoneSimulator
		{483DACD1-0A33-4E5D-80E9-C022A17D60F0}.Release|iPhoneSimulator.Deploy.0 = Release|iPhoneSimulator
		{9CFDF08C-B9EF-46A9-9DBB-DA72B244F9D8}.Ad-Hoc|Any CPU.ActiveCfg = Debug|Any CPU
		{9CFDF08C-B9EF-46A9-9DBB-DA72B244F9D8}.Ad-Hoc|Any CPU.Build.0 = Debug|Any CPU
		{9CFDF08C-B9EF-46A9-9DBB-DA72B244F9D8}.Ad-Hoc|Any CPU.Deploy.0 = Debug|Any CPU
		{9CFDF08C-B9EF-46A9-9DBB-DA72B244F9D8}.Ad-Hoc|iPhone.ActiveCfg = Debug|Any CPU
		{9CFDF08C-B9EF-46A9-9DBB-DA72B244F9D8}.Ad-Hoc|iPhone.Build.0 = Debug|Any CPU
		{9CFDF08C-B9EF-46A9-9DBB-DA72B244F9D8}.Ad-Hoc|iPhone.Deploy.0 = Debug|Any CPU
		{9CFDF08C-B9EF-46A9-9DBB-DA72B244F9D8}.Ad-Hoc|iPhoneSimulator.ActiveCfg = Debug|Any CPU
		{9CFDF08C-B9EF-46A9-9DBB-DA72B244F9D8}.Ad-Hoc|iPhoneSimulator.Build.0 = Debug|Any CPU
		{9CFDF08C-B9EF-46A9-9DBB-DA72B244F9D8}.Ad-Hoc|iPhoneSimulator.Deploy.0 = Debug|Any CPU
		{9CFDF08C-B9EF-46A9-9DBB-DA72B244F9D8}.AppStore|Any CPU.ActiveCfg = Debug|Any CPU
		{9CFDF08C-B9EF-46A9-9DBB-DA72B244F9D8}.AppStore|Any CPU.Build.0 = Debug|Any CPU
		{9CFDF08C-B9EF-46A9-9DBB-DA72B244F9D8}.AppStore|Any CPU.Deploy.0 = Debug|Any CPU
		{9CFDF08C-B9EF-46A9-9DBB-DA72B244F9D8}.AppStore|iPhone.ActiveCfg = Debug|Any CPU
		{9CFDF08C-B9EF-46A9-9DBB-DA72B244F9D8}.AppStore|iPhone.Build.0 = Debug|Any CPU
		{9CFDF08C-B9EF-46A9-9DBB-DA72B244F9D8}.AppStore|iPhone.Deploy.0 = Debug|Any CPU
		{9CFDF08C-B9EF-46A9-9DBB-DA72B244F9D8}.AppStore|iPhoneSimulator.ActiveCfg = Debug|Any CPU
		{9CFDF08C-B9EF-46A9-9DBB-DA72B244F9D8}.AppStore|iPhoneSimulator.Build.0 = Debug|Any CPU
		{9CFDF08C-B9EF-46A9-9DBB-DA72B244F9D8}.AppStore|iPhoneSimulator.Deploy.0 = Debug|Any CPU
		{9CFDF08C-B9EF-46A9-9DBB-DA72B244F9D8}.Debug|Any CPU.ActiveCfg = Debug|Any CPU
		{9CFDF08C-B9EF-46A9-9DBB-DA72B244F9D8}.Debug|Any CPU.Build.0 = Debug|Any CPU
		{9CFDF08C-B9EF-46A9-9DBB-DA72B244F9D8}.Debug|Any CPU.Deploy.0 = Debug|Any CPU
		{9CFDF08C-B9EF-46A9-9DBB-DA72B244F9D8}.Debug|iPhone.ActiveCfg = Debug|Any CPU
		{9CFDF08C-B9EF-46A9-9DBB-DA72B244F9D8}.Debug|iPhone.Build.0 = Debug|Any CPU
		{9CFDF08C-B9EF-46A9-9DBB-DA72B244F9D8}.Debug|iPhone.Deploy.0 = Debug|Any CPU
		{9CFDF08C-B9EF-46A9-9DBB-DA72B244F9D8}.Debug|iPhoneSimulator.ActiveCfg = Debug|Any CPU
		{9CFDF08C-B9EF-46A9-9DBB-DA72B244F9D8}.Debug|iPhoneSimulator.Build.0 = Debug|Any CPU
		{9CFDF08C-B9EF-46A9-9DBB-DA72B244F9D8}.Debug|iPhoneSimulator.Deploy.0 = Debug|Any CPU
		{9CFDF08C-B9EF-46A9-9DBB-DA72B244F9D8}.Release|Any CPU.ActiveCfg = Release|Any CPU
		{9CFDF08C-B9EF-46A9-9DBB-DA72B244F9D8}.Release|Any CPU.Build.0 = Release|Any CPU
		{9CFDF08C-B9EF-46A9-9DBB-DA72B244F9D8}.Release|Any CPU.Deploy.0 = Release|Any CPU
		{9CFDF08C-B9EF-46A9-9DBB-DA72B244F9D8}.Release|iPhone.ActiveCfg = Release|Any CPU
		{9CFDF08C-B9EF-46A9-9DBB-DA72B244F9D8}.Release|iPhone.Build.0 = Release|Any CPU
		{9CFDF08C-B9EF-46A9-9DBB-DA72B244F9D8}.Release|iPhone.Deploy.0 = Release|Any CPU
		{9CFDF08C-B9EF-46A9-9DBB-DA72B244F9D8}.Release|iPhoneSimulator.ActiveCfg = Release|Any CPU
		{9CFDF08C-B9EF-46A9-9DBB-DA72B244F9D8}.Release|iPhoneSimulator.Build.0 = Release|Any CPU
		{9CFDF08C-B9EF-46A9-9DBB-DA72B244F9D8}.Release|iPhoneSimulator.Deploy.0 = Release|Any CPU
	EndGlobalSection
	GlobalSection(SolutionProperties) = preSolution
		HideSolutionNode = FALSE
	EndGlobalSection
	GlobalSection(ExtensibilityGlobals) = postSolution
		SolutionGuid = {14111873-2C9B-4A02-AF10-6BA536B98234}
	EndGlobalSection
EndGlobal
