
Microsoft Visual Studio Solution File, Format Version 12.00
# Visual Studio 15
VisualStudioVersion = 15.0.28010.2046
MinimumVisualStudioVersion = 10.0.40219.1
Project("{FAE04EC0-301F-11D3-BF4B-00C04F79EFBC}") = "Project.Android", "Project\Project.Android\Project.Android.csproj", "{F6F68CAF-E299-4549-8267-7BD48CF30567}"
EndProject
Project("{FAE04EC0-301F-11D3-BF4B-00C04F79EFBC}") = "Project.iOS", "Project\Project.iOS\Project.iOS.csproj", "{BA2FC474-46D9-45B3-ABE3-C61CD8C43731}"
EndProject
Project("{FAE04EC0-301F-11D3-BF4B-00C04F79EFBC}") = "Project", "Project\Project\Project.csproj", "{BEFFBC60-A975-4F2D-B1D1-53C947E852E0}"
EndProject
Global
	GlobalSection(SolutionConfigurationPlatforms) = preSolution
		Ad-Hoc|Any CPU = Ad-Hoc|Any CPU
		Ad-Hoc|iPhone = Ad-Hoc|iPhone
		Ad-Hoc|iPhoneSimulator = Ad-Hoc|iPhoneSimulator
		AppStore|Any CPU = AppStore|Any CPU
		AppStore|iPhone = AppStore|iPhone
		AppStore|iPhoneSimulator = AppStore|iPhoneSimulator
		Debug|Any CPU = Debug|Any CPU
		Debug|iPhone = Debug|iPhone
		Debug|iPhoneSimulator = Debug|iPhoneSimulator
		Release|Any CPU = Release|Any CPU
		Release|iPhone = Release|iPhone
		Release|iPhoneSimulator = Release|iPhoneSimulator
	EndGlobalSection
	GlobalSection(ProjectConfigurationPlatforms) = postSolution
		{F6F68CAF-E299-4549-8267-7BD48CF30567}.Ad-Hoc|Any CPU.ActiveCfg = Release|Any CPU
		{F6F68CAF-E299-4549-8267-7BD48CF30567}.Ad-Hoc|Any CPU.Build.0 = Release|Any CPU
		{F6F68CAF-E299-4549-8267-7BD48CF30567}.Ad-Hoc|Any CPU.Deploy.0 = Release|Any CPU
		{F6F68CAF-E299-4549-8267-7BD48CF30567}.Ad-Hoc|iPhone.ActiveCfg = Release|Any CPU
		{F6F68CAF-E299-4549-8267-7BD48CF30567}.Ad-Hoc|iPhone.Build.0 = Release|Any CPU
		{F6F68CAF-E299-4549-8267-7BD48CF30567}.Ad-Hoc|iPhone.Deploy.0 = Release|Any CPU
		{F6F68CAF-E299-4549-8267-7BD48CF30567}.Ad-Hoc|iPhoneSimulator.ActiveCfg = Release|Any CPU
		{F6F68CAF-E299-4549-8267-7BD48CF30567}.Ad-Hoc|iPhoneSimulator.Build.0 = Release|Any CPU
		{F6F68CAF-E299-4549-8267-7BD48CF30567}.Ad-Hoc|iPhoneSimulator.Deploy.0 = Release|Any CPU
		{F6F68CAF-E299-4549-8267-7BD48CF30567}.AppStore|Any CPU.ActiveCfg = Release|Any CPU
		{F6F68CAF-E299-4549-8267-7BD48CF30567}.AppStore|Any CPU.Build.0 = Release|Any CPU
		{F6F68CAF-E299-4549-8267-7BD48CF30567}.AppStore|Any CPU.Deploy.0 = Release|Any CPU
		{F6F68CAF-E299-4549-8267-7BD48CF30567}.AppStore|iPhone.ActiveCfg = Release|Any CPU
		{F6F68CAF-E299-4549-8267-7BD48CF30567}.AppStore|iPhone.Build.0 = Release|Any CPU
		{F6F68CAF-E299-4549-8267-7BD48CF30567}.AppStore|iPhone.Deploy.0 = Release|Any CPU
		{F6F68CAF-E299-4549-8267-7BD48CF30567}.AppStore|iPhoneSimulator.ActiveCfg = Release|Any CPU
		{F6F68CAF-E299-4549-8267-7BD48CF30567}.AppStore|iPhoneSimulator.Build.0 = Release|Any CPU
		{F6F68CAF-E299-4549-8267-7BD48CF30567}.AppStore|iPhoneSimulator.Deploy.0 = Release|Any CPU
		{F6F68CAF-E299-4549-8267-7BD48CF30567}.Debug|Any CPU.ActiveCfg = Debug|Any CPU
		{F6F68CAF-E299-4549-8267-7BD48CF30567}.Debug|Any CPU.Build.0 = Debug|Any CPU
		{F6F68CAF-E299-4549-8267-7BD48CF30567}.Debug|Any CPU.Deploy.0 = Debug|Any CPU
		{F6F68CAF-E299-4549-8267-7BD48CF30567}.Debug|iPhone.ActiveCfg = Debug|Any CPU
		{F6F68CAF-E299-4549-8267-7BD48CF30567}.Debug|iPhone.Build.0 = Debug|Any CPU
		{F6F68CAF-E299-4549-8267-7BD48CF30567}.Debug|iPhone.Deploy.0 = Debug|Any CPU
		{F6F68CAF-E299-4549-8267-7BD48CF30567}.Debug|iPhoneSimulator.ActiveCfg = Debug|Any CPU
		{F6F68CAF-E299-4549-8267-7BD48CF30567}.Debug|iPhoneSimulator.Build.0 = Debug|Any CPU
		{F6F68CAF-E299-4549-8267-7BD48CF30567}.Debug|iPhoneSimulator.Deploy.0 = Debug|Any CPU
		{F6F68CAF-E299-4549-8267-7BD48CF30567}.Release|Any CPU.ActiveCfg = Release|Any CPU
		{F6F68CAF-E299-4549-8267-7BD48CF30567}.Release|Any CPU.Build.0 = Release|Any CPU
		{F6F68CAF-E299-4549-8267-7BD48CF30567}.Release|Any CPU.Deploy.0 = Release|Any CPU
		{F6F68CAF-E299-4549-8267-7BD48CF30567}.Release|iPhone.ActiveCfg = Release|Any CPU
		{F6F68CAF-E299-4549-8267-7BD48CF30567}.Release|iPhone.Build.0 = Release|Any CPU
		{F6F68CAF-E299-4549-8267-7BD48CF30567}.Release|iPhone.Deploy.0 = Release|Any CPU
		{F6F68CAF-E299-4549-8267-7BD48CF30567}.Release|iPhoneSimulator.ActiveCfg = Release|Any CPU
		{F6F68CAF-E299-4549-8267-7BD48CF30567}.Release|iPhoneSimulator.Build.0 = Release|Any CPU
		{F6F68CAF-E299-4549-8267-7BD48CF30567}.Release|iPhoneSimulator.Deploy.0 = Release|Any CPU
		{BA2FC474-46D9-45B3-ABE3-C61CD8C43731}.Ad-Hoc|Any CPU.ActiveCfg = Ad-Hoc|iPhone
		{BA2FC474-46D9-45B3-ABE3-C61CD8C43731}.Ad-Hoc|Any CPU.Build.0 = Ad-Hoc|iPhone
		{BA2FC474-46D9-45B3-ABE3-C61CD8C43731}.Ad-Hoc|Any CPU.Deploy.0 = Ad-Hoc|iPhone
		{BA2FC474-46D9-45B3-ABE3-C61CD8C43731}.Ad-Hoc|iPhone.ActiveCfg = Ad-Hoc|iPhone
		{BA2FC474-46D9-45B3-ABE3-C61CD8C43731}.Ad-Hoc|iPhone.Build.0 = Ad-Hoc|iPhone
		{BA2FC474-46D9-45B3-ABE3-C61CD8C43731}.Ad-Hoc|iPhone.Deploy.0 = Ad-Hoc|iPhone
		{BA2FC474-46D9-45B3-ABE3-C61CD8C43731}.Ad-Hoc|iPhoneSimulator.ActiveCfg = Ad-Hoc|iPhoneSimulator
		{BA2FC474-46D9-45B3-ABE3-C61CD8C43731}.Ad-Hoc|iPhoneSimulator.Build.0 = Ad-Hoc|iPhoneSimulator
		{BA2FC474-46D9-45B3-ABE3-C61CD8C43731}.Ad-Hoc|iPhoneSimulator.Deploy.0 = Ad-Hoc|iPhoneSimulator
		{BA2FC474-46D9-45B3-ABE3-C61CD8C43731}.AppStore|Any CPU.ActiveCfg = AppStore|iPhone
		{BA2FC474-46D9-45B3-ABE3-C61CD8C43731}.AppStore|Any CPU.Build.0 = AppStore|iPhone
		{BA2FC474-46D9-45B3-ABE3-C61CD8C43731}.AppStore|Any CPU.Deploy.0 = AppStore|iPhone
		{BA2FC474-46D9-45B3-ABE3-C61CD8C43731}.AppStore|iPhone.ActiveCfg = AppStore|iPhone
		{BA2FC474-46D9-45B3-ABE3-C61CD8C43731}.AppStore|iPhone.Build.0 = AppStore|iPhone
		{BA2FC474-46D9-45B3-ABE3-C61CD8C43731}.AppStore|iPhone.Deploy.0 = AppStore|iPhone
		{BA2FC474-46D9-45B3-ABE3-C61CD8C43731}.AppStore|iPhoneSimulator.ActiveCfg = AppStore|iPhoneSimulator
		{BA2FC474-46D9-45B3-ABE3-C61CD8C43731}.AppStore|iPhoneSimulator.Build.0 = AppStore|iPhoneSimulator
		{BA2FC474-46D9-45B3-ABE3-C61CD8C43731}.AppStore|iPhoneSimulator.Deploy.0 = AppStore|iPhoneSimulator
		{BA2FC474-46D9-45B3-ABE3-C61CD8C43731}.Debug|Any CPU.ActiveCfg = Debug|iPhoneSimulator
		{BA2FC474-46D9-45B3-ABE3-C61CD8C43731}.Debug|Any CPU.Build.0 = Debug|iPhoneSimulator
		{BA2FC474-46D9-45B3-ABE3-C61CD8C43731}.Debug|Any CPU.Deploy.0 = Debug|iPhoneSimulator
		{BA2FC474-46D9-45B3-ABE3-C61CD8C43731}.Debug|iPhone.ActiveCfg = Debug|iPhone
		{BA2FC474-46D9-45B3-ABE3-C61CD8C43731}.Debug|iPhone.Build.0 = Debug|iPhone
		{BA2FC474-46D9-45B3-ABE3-C61CD8C43731}.Debug|iPhone.Deploy.0 = Debug|iPhone
		{BA2FC474-46D9-45B3-ABE3-C61CD8C43731}.Debug|iPhoneSimulator.ActiveCfg = Debug|iPhoneSimulator
		{BA2FC474-46D9-45B3-ABE3-C61CD8C43731}.Debug|iPhoneSimulator.Build.0 = Debug|iPhoneSimulator
		{BA2FC474-46D9-45B3-ABE3-C61CD8C43731}.Debug|iPhoneSimulator.Deploy.0 = Debug|iPhoneSimulator
		{BA2FC474-46D9-45B3-ABE3-C61CD8C43731}.Release|Any CPU.ActiveCfg = Release|iPhone
		{BA2FC474-46D9-45B3-ABE3-C61CD8C43731}.Release|Any CPU.Build.0 = Release|iPhone
		{BA2FC474-46D9-45B3-ABE3-C61CD8C43731}.Release|Any CPU.Deploy.0 = Release|iPhone
		{BA2FC474-46D9-45B3-ABE3-C61CD8C43731}.Release|iPhone.ActiveCfg = Release|iPhone
		{BA2FC474-46D9-45B3-ABE3-C61CD8C43731}.Release|iPhone.Build.0 = Release|iPhone
		{BA2FC474-46D9-45B3-ABE3-C61CD8C43731}.Release|iPhone.Deploy.0 = Release|iPhone
		{BA2FC474-46D9-45B3-ABE3-C61CD8C43731}.Release|iPhoneSimulator.ActiveCfg = Release|iPhoneSimulator
		{BA2FC474-46D9-45B3-ABE3-C61CD8C43731}.Release|iPhoneSimulator.Build.0 = Release|iPhoneSimulator
		{BA2FC474-46D9-45B3-ABE3-C61CD8C43731}.Release|iPhoneSimulator.Deploy.0 = Release|iPhoneSimulator
		{BEFFBC60-A975-4F2D-B1D1-53C947E852E0}.Ad-Hoc|Any CPU.ActiveCfg = Debug|Any CPU
		{BEFFBC60-A975-4F2D-B1D1-53C947E852E0}.Ad-Hoc|Any CPU.Build.0 = Debug|Any CPU
		{BEFFBC60-A975-4F2D-B1D1-53C947E852E0}.Ad-Hoc|Any CPU.Deploy.0 = Debug|Any CPU
		{BEFFBC60-A975-4F2D-B1D1-53C947E852E0}.Ad-Hoc|iPhone.ActiveCfg = Debug|Any CPU
		{BEFFBC60-A975-4F2D-B1D1-53C947E852E0}.Ad-Hoc|iPhone.Build.0 = Debug|Any CPU
		{BEFFBC60-A975-4F2D-B1D1-53C947E852E0}.Ad-Hoc|iPhone.Deploy.0 = Debug|Any CPU
		{BEFFBC60-A975-4F2D-B1D1-53C947E852E0}.Ad-Hoc|iPhoneSimulator.ActiveCfg = Debug|Any CPU
		{BEFFBC60-A975-4F2D-B1D1-53C947E852E0}.Ad-Hoc|iPhoneSimulator.Build.0 = Debug|Any CPU
		{BEFFBC60-A975-4F2D-B1D1-53C947E852E0}.Ad-Hoc|iPhoneSimulator.Deploy.0 = Debug|Any CPU
		{BEFFBC60-A975-4F2D-B1D1-53C947E852E0}.AppStore|Any CPU.ActiveCfg = Debug|Any CPU
		{BEFFBC60-A975-4F2D-B1D1-53C947E852E0}.AppStore|Any CPU.Build.0 = Debug|Any CPU
		{BEFFBC60-A975-4F2D-B1D1-53C947E852E0}.AppStore|Any CPU.Deploy.0 = Debug|Any CPU
		{BEFFBC60-A975-4F2D-B1D1-53C947E852E0}.AppStore|iPhone.ActiveCfg = Debug|Any CPU
		{BEFFBC60-A975-4F2D-B1D1-53C947E852E0}.AppStore|iPhone.Build.0 = Debug|Any CPU
		{BEFFBC60-A975-4F2D-B1D1-53C947E852E0}.AppStore|iPhone.Deploy.0 = Debug|Any CPU
		{BEFFBC60-A975-4F2D-B1D1-53C947E852E0}.AppStore|iPhoneSimulator.ActiveCfg = Debug|Any CPU
		{BEFFBC60-A975-4F2D-B1D1-53C947E852E0}.AppStore|iPhoneSimulator.Build.0 = Debug|Any CPU
		{BEFFBC60-A975-4F2D-B1D1-53C947E852E0}.AppStore|iPhoneSimulator.Deploy.0 = Debug|Any CPU
		{BEFFBC60-A975-4F2D-B1D1-53C947E852E0}.Debug|Any CPU.ActiveCfg = Debug|Any CPU
		{BEFFBC60-A975-4F2D-B1D1-53C947E852E0}.Debug|Any CPU.Build.0 = Debug|Any CPU
		{BEFFBC60-A975-4F2D-B1D1-53C947E852E0}.Debug|Any CPU.Deploy.0 = Debug|Any CPU
		{BEFFBC60-A975-4F2D-B1D1-53C947E852E0}.Debug|iPhone.ActiveCfg = Debug|Any CPU
		{BEFFBC60-A975-4F2D-B1D1-53C947E852E0}.Debug|iPhone.Build.0 = Debug|Any CPU
		{BEFFBC60-A975-4F2D-B1D1-53C947E852E0}.Debug|iPhone.Deploy.0 = Debug|Any CPU
		{BEFFBC60-A975-4F2D-B1D1-53C947E852E0}.Debug|iPhoneSimulator.ActiveCfg = Debug|Any CPU
		{BEFFBC60-A975-4F2D-B1D1-53C947E852E0}.Debug|iPhoneSimulator.Build.0 = Debug|Any CPU
		{BEFFBC60-A975-4F2D-B1D1-53C947E852E0}.Debug|iPhoneSimulator.Deploy.0 = Debug|Any CPU
		{BEFFBC60-A975-4F2D-B1D1-53C947E852E0}.Release|Any CPU.ActiveCfg = Release|Any CPU
		{BEFFBC60-A975-4F2D-B1D1-53C947E852E0}.Release|Any CPU.Build.0 = Release|Any CPU
		{BEFFBC60-A975-4F2D-B1D1-53C947E852E0}.Release|Any CPU.Deploy.0 = Release|Any CPU
		{BEFFBC60-A975-4F2D-B1D1-53C947E852E0}.Release|iPhone.ActiveCfg = Release|Any CPU
		{BEFFBC60-A975-4F2D-B1D1-53C947E852E0}.Release|iPhone.Build.0 = Release|Any CPU
		{BEFFBC60-A975-4F2D-B1D1-53C947E852E0}.Release|iPhone.Deploy.0 = Release|Any CPU
		{BEFFBC60-A975-4F2D-B1D1-53C947E852E0}.Release|iPhoneSimulator.ActiveCfg = Release|Any CPU
		{BEFFBC60-A975-4F2D-B1D1-53C947E852E0}.Release|iPhoneSimulator.Build.0 = Release|Any CPU
		{BEFFBC60-A975-4F2D-B1D1-53C947E852E0}.Release|iPhoneSimulator.Deploy.0 = Release|Any CPU
	EndGlobalSection
	GlobalSection(SolutionProperties) = preSolution
		HideSolutionNode = FALSE
	EndGlobalSection
	GlobalSection(ExtensibilityGlobals) = postSolution
		SolutionGuid = {7CB563A3-5D1E-4B69-897C-6BC4E0B76DC9}
	EndGlobalSection
EndGlobal
